{
	"archiveVersion": "1",
	"classes": {},
	"objectVersion": "54",
	"objects": {
		"00EAB105-3299-4605-8F44-04631A419947": {
			"explicitFileType": "sourcecode.c.h",
			"fileEncoding": "4",
			"isa": "PBXFileReference",
			"name": "Base64.hpp",
			"path": "../../../addons/ofxAssimpModelLoader/libs/assimp/include/assimp/Base64.hpp",
			"sourceTree": "SOURCE_ROOT"
		},
		"02B6C8AA-DCFA-4083-ACE6-39B621CF1811": {
			"explicitFileType": "sourcecode.c.h",
			"fileEncoding": "4",
			"isa": "PBXFileReference",
			"name": "pbrmaterial.h",
			"path": "../../../addons/ofxAssimpModelLoader/libs/assimp/include/assimp/pbrmaterial.h",
			"sourceTree": "SOURCE_ROOT"
		},
		"070DFB77-C8FD-4F16-942E-9F192860E1FE": {
			"explicitFileType": "sourcecode.c.h",
			"fileEncoding": "4",
			"isa": "PBXFileReference",
			"name": "ofxAssimpMeshHelper.h",
			"path": "../../../addons/ofxAssimpModelLoader/src/ofxAssimpMeshHelper.h",
			"sourceTree": "SOURCE_ROOT"
		},
		"079941BF-A991-4BCB-B94B-21B07AA0A9AC": {
			"explicitFileType": "sourcecode.c.h",
			"fileEncoding": "4",
			"isa": "PBXFileReference",
			"name": "version.h",
			"path": "../../../addons/ofxAssimpModelLoader/libs/assimp/include/assimp/version.h",
			"sourceTree": "SOURCE_ROOT"
		},
		"0985CF25-55A1-45AA-8915-BBE3A239E88C": {
			"explicitFileType": "sourcecode.c.h",
			"fileEncoding": "4",
			"isa": "PBXFileReference",
			"name": "postprocess.h",
			"path": "../../../addons/ofxAssimpModelLoader/libs/assimp/include/assimp/postprocess.h",
			"sourceTree": "SOURCE_ROOT"
		},
		"0AC2A9D8-AD5C-4ACF-9689-34789B124CD6": {
			"fileRef": "2277372C-9F88-49E9-9757-28677941ED07",
			"isa": "PBXBuildFile"
		},
		"10F7A98C-EF59-4EC4-B6C9-EBAE5ADCA715": {
			"explicitFileType": "sourcecode.c.h",
			"fileEncoding": "4",
			"isa": "PBXFileReference",
			"name": "matrix4x4.h",
			"path": "../../../addons/ofxAssimpModelLoader/libs/assimp/include/assimp/matrix4x4.h",
			"sourceTree": "SOURCE_ROOT"
		},
		"124C3E81-4DF8-4126-B8B8-A420DDCEE224": {
			"explicitFileType": "sourcecode.c.h",
			"fileEncoding": "4",
			"isa": "PBXFileReference",
			"name": "qnan.h",
			"path": "../../../addons/ofxAssimpModelLoader/libs/assimp/include/assimp/qnan.h",
			"sourceTree": "SOURCE_ROOT"
		},
		"13090C80-B958-451B-97CA-E6151A4F1B8B": {
			"explicitFileType": "sourcecode.c.h",
			"fileEncoding": "4",
			"isa": "PBXFileReference",
			"name": "StandardShapes.h",
			"path": "../../../addons/ofxAssimpModelLoader/libs/assimp/include/assimp/StandardShapes.h",
			"sourceTree": "SOURCE_ROOT"
		},
		"1910611E-E5E5-46D3-9DE7-327A79344A70": {
			"children": [
				"B3701E11-F685-461D-9962-240A37244252",
				"7B2289FA-99E3-4B66-8871-2CA3BDA08AE0",
				"64C87774-91A7-487B-9E6A-D8766717AB64"
			],
			"isa": "PBXGroup",
			"name": "Compiler",
			"path": "../../../addons/ofxAssimpModelLoader/libs/assimp/include/assimp/Compiler",
			"sourceTree": "SOURCE_ROOT"
		},
		"191CD6FA2847E21E0085CBB6": {
			"fileEncoding": "4",
			"isa": "PBXFileReference",
			"lastKnownFileType": "text.plist.entitlements",
			"path": "of.entitlements",
			"sourceTree": "<group>"
		},
		"191EF70929D778A400F35F26": {
			"isa": "PBXFileReference",
			"lastKnownFileType": "folder",
			"name": "openFrameworks",
			"path": "../../../libs/openFrameworks",
			"sourceTree": "SOURCE_ROOT"
		},
		"19B789C429E5AB4A0082E9B8": {
			"buildActionMask": "2147483647",
			"files": [],
			"inputFileListPaths": [],
			"inputPaths": [],
			"isa": "PBXShellScriptBuildPhase",
			"outputFileListPaths": [],
			"outputPaths": [],
			"runOnlyForDeploymentPostprocessing": "0",
			"shellPath": "/bin/sh",
			"shellScript": "\"$OF_PATH/scripts/osx/xcode_project.sh\"\n",
			"showEnvVarsInLog": "0"
		},
		"1A769337-3123-4A5A-9F9A-F9864A4FBB41": {
			"explicitFileType": "sourcecode.c.h",
			"fileEncoding": "4",
			"isa": "PBXFileReference",
			"name": "SGSpatialSort.h",
			"path": "../../../addons/ofxAssimpModelLoader/libs/assimp/include/assimp/SGSpatialSort.h",
			"sourceTree": "SOURCE_ROOT"
		},
		"1BB971B9-99F8-4101-8162-96DCC7C002D1": {
			"children": [
				"2AF0663F-19B7-4D36-A7A5-5A143F534D40",
				"C0B30892-E702-427C-A6FE-23281D0A8A06"
			],
			"isa": "PBXGroup",
			"name": "ofxAssimpModelLoader",
			"path": "../../../addons/ofxAssimpModelLoader",
			"sourceTree": "SOURCE_ROOT"
		},
		"1D3CCE52-CA30-402F-9A0C-3F05A3BF3F99": {
			"explicitFileType": "sourcecode.c.h",
			"fileEncoding": "4",
			"isa": "PBXFileReference",
			"name": "Logger.hpp",
			"path": "../../../addons/ofxAssimpModelLoader/libs/assimp/include/assimp/Logger.hpp",
			"sourceTree": "SOURCE_ROOT"
		},
		"1F475E42-CCEA-47B7-BF3E-4E4F2361FD81": {
			"explicitFileType": "sourcecode.c.h",
			"fileEncoding": "4",
			"isa": "PBXFileReference",
			"name": "defs.h",
			"path": "../../../addons/ofxAssimpModelLoader/libs/assimp/include/assimp/defs.h",
			"sourceTree": "SOURCE_ROOT"
		},
		"2066CEDB-94E5-40BD-B293-7C58A9D6628E": {
			"explicitFileType": "sourcecode.c.h",
			"fileEncoding": "4",
			"isa": "PBXFileReference",
			"name": "XmlParser.h",
			"path": "../../../addons/ofxAssimpModelLoader/libs/assimp/include/assimp/XmlParser.h",
			"sourceTree": "SOURCE_ROOT"
		},
		"2277372C-9F88-49E9-9757-28677941ED07": {
			"explicitFileType": "sourcecode.cpp.cpp",
			"fileEncoding": "4",
			"isa": "PBXFileReference",
			"name": "ofxAssimpModelLoader.cpp",
			"path": "../../../addons/ofxAssimpModelLoader/src/ofxAssimpModelLoader.cpp",
			"sourceTree": "SOURCE_ROOT"
		},
		"22B22509-FE6E-4FC7-BF31-A3CFA44E06A1": {
			"children": [
				"00EAB105-3299-4605-8F44-04631A419947",
				"40150C91-1C56-4EED-A38B-B986EA2C1644",
				"6FE42CA2-732E-4732-BF0A-FF853ACBD695",
				"CBE06C9E-6D40-4C15-9289-CDC19E8DA453",
				"AC3727F2-6DBD-4F5A-9C3B-9907B14B9C1B",
				"B81C7DD6-DD68-4B70-BBD6-23D78DBD5CFD",
				"1910611E-E5E5-46D3-9DE7-327A79344A70",
				"5D409CAE-0A47-46D9-A21A-C6AC9093BFAD",
				"E0990730-F7A5-49E2-B8E3-082B784B5E41",
				"AA8340F4-0821-42F3-8BF1-E302FEC1A833",
				"43801EB8-9413-4044-9D0B-7E19F851A6E5",
				"3B5062D0-297E-49E7-9F6A-8AF9CB55B420",
				"B34B0C12-8A13-4C41-9268-45AF0BB105F0",
				"6A1DE75B-F615-471F-9B80-481C1140D473",
				"51EBC626-AC67-432C-A3E3-78148D94436C",
				"9833D3AA-C0DB-4135-94B7-FBA3B599EC5D",
				"D34E52CE-0069-40A5-BC00-FD35C1BE3738",
				"81CD5D07-D32E-47F9-BC5F-093E044A59B0",
				"52873CA2-79E2-4C77-9729-BA8608929463",
				"F244FA69-F8A0-4984-8C6B-0DABDC9D050F",
				"D3CDC19A-79AE-437F-9CB9-0BA685D77A00",
				"A2A00FE7-FACD-4D53-A848-2031C3F4829A",
				"EB5ACC8C-9B6C-444D-9E2F-DE06048101C1",
				"1D3CCE52-CA30-402F-9A0C-3F05A3BF3F99",
				"4D617143-3B6F-4808-8FF0-96C78155634F",
				"D69AA173-99E5-4FE7-91A2-D1BDB1E6AA12",
				"8D0C5B6A-07C4-497B-8D2F-833DC0D82BFC",
				"EE0CC641-7691-4EE2-9D52-A8CB445C8D01",
				"7DCDE9D6-5256-4D53-955B-34A996564E23",
				"8AE0AB5E-2F2C-4CFE-905C-130D88D5674C",
				"DE9F5B7F-A926-42FC-81A5-75A51810074C",
				"DB7DA20C-9E68-4586-A549-E550DA86A954",
				"1A769337-3123-4A5A-9F9A-F9864A4FBB41",
				"99BA0EA1-8805-4E7F-89CB-5C987827384B",
				"42512A6F-E107-44C0-A1C1-B6207E20CA11",
				"2BCAE7BB-7B11-4744-B749-4129857CC7DD",
				"8F231831-74F6-4FEC-890B-32E378DCBF02",
				"51D912D2-B139-4B89-B962-5C2A06C3B9C7",
				"13090C80-B958-451B-97CA-E6151A4F1B8B",
				"EF316869-5C5C-4008-990E-35F42ACB25B8",
				"F6E2E3F3-603A-47D1-AFB7-C6EDD7EA795F",
				"489BBF8B-9710-41D0-8DB2-A6F9AFE5A28B",
				"89872EC2-FF44-4DFD-9DCB-BF73C2E2921F",
				"D84E006C-957E-4F31-9562-B917C4A8D3B8",
				"E7B3621D-90BB-4529-97B1-D28829317C54",
				"EA0CB574-7C5B-4886-9DDD-28490AD92DDD",
				"A547A823-FC7A-43B7-BD94-7E4781E11BAC",
				"2066CEDB-94E5-40BD-B293-7C58A9D6628E",
				"65A84429-7B4A-4AD8-919C-0FD6EAE13474",
				"58C1BD0A-F2D2-4B6C-B30D-2EB4D57AFD70",
				"FE7F0F93-1CAE-4CA4-AD38-B5E5D5C839A6",
				"DF8970AD-1467-4734-B4C5-35DB68A201BB",
				"34169B84-A232-4CC1-8B4F-AFCC262417FC",
				"C4FECDD3-61CE-4B9F-9270-339A2704F8E7",
				"D343BA07-1518-4F0E-BC9A-F9FB3B145D54",
				"5D5854D9-131C-4C2E-A33C-46E427E169A4",
				"EF96B6A7-A7DE-4630-912D-7FB7C74CEA92",
				"FC018716-A04C-48B6-8B6C-755CE59DE205",
				"5633A3F4-7820-436A-AFC7-8E1E12CB51B8",
				"1F475E42-CCEA-47B7-BF3E-4E4F2361FD81",
				"25EB9C8C-62CB-4AF2-87EB-C55C0D86C7B8",
				"A2BB18AA-8251-4B35-AE04-4F0B6A90E25C",
				"C68E0B12-750C-4536-93AE-CB5D657BB5C2",
				"286A91A8-DE69-4F63-A537-B04643491797",
				"4D2AD613-A290-4EBB-8FB1-CE4852D852FA",
				"10F7A98C-EF59-4EC4-B6C9-EBAE5ADCA715",
				"5D43A475-F924-452F-910B-A0A9DB29576E",
				"6FD64106-017D-4535-BEFC-21DAF4F8ACFF",
				"02B6C8AA-DCFA-4083-ACE6-39B621CF1811",
				"3E79538D-10ED-477F-B9FB-79CBB0A4979D",
				"0985CF25-55A1-45AA-8915-BBE3A239E88C",
				"124C3E81-4DF8-4126-B8B8-A420DDCEE224",
				"8783DBD2-5DEA-4F5E-B60C-C4DD77E2770E",
				"9F932F18-A73A-414D-87D6-C4A66B5E04F9",
				"C9A67232-754A-4E75-87BA-8ECDD608CD80",
				"E27CD5D9-509A-465A-B22E-F0396C23B24D",
				"93941B90-753A-4F0A-9533-91E7C6F82E35",
				"E81B5A78-F1D7-408E-9B5A-4D3CF0927C2E",
				"079941BF-A991-4BCB-B94B-21B07AA0A9AC"
			],
			"isa": "PBXGroup",
			"name": "assimp",
			"path": "../../../addons/ofxAssimpModelLoader/libs/assimp/include/assimp",
			"sourceTree": "SOURCE_ROOT"
		},
		"25EB9C8C-62CB-4AF2-87EB-C55C0D86C7B8": {
			"explicitFileType": "sourcecode.c.h",
			"fileEncoding": "4",
			"isa": "PBXFileReference",
			"name": "fast_atof.h",
			"path": "../../../addons/ofxAssimpModelLoader/libs/assimp/include/assimp/fast_atof.h",
			"sourceTree": "SOURCE_ROOT"
		},
		"286A91A8-DE69-4F63-A537-B04643491797": {
			"explicitFileType": "sourcecode.c.h",
			"fileEncoding": "4",
			"isa": "PBXFileReference",
			"name": "material.h",
			"path": "../../../addons/ofxAssimpModelLoader/libs/assimp/include/assimp/material.h",
			"sourceTree": "SOURCE_ROOT"
		},
		"2AF0663F-19B7-4D36-A7A5-5A143F534D40": {
			"children": [
				"43A5F540-74FE-482C-8A3B-79BA47B49435"
			],
			"isa": "PBXGroup",
			"name": "libs",
			"path": "../../../addons/ofxAssimpModelLoader/libs",
			"sourceTree": "SOURCE_ROOT"
		},
		"2BCAE7BB-7B11-4744-B749-4129857CC7DD": {
			"explicitFileType": "sourcecode.c.h",
			"fileEncoding": "4",
			"isa": "PBXFileReference",
			"name": "SmallVector.h",
			"path": "../../../addons/ofxAssimpModelLoader/libs/assimp/include/assimp/SmallVector.h",
			"sourceTree": "SOURCE_ROOT"
		},
		"34169B84-A232-4CC1-8B4F-AFCC262417FC": {
			"explicitFileType": "sourcecode.c.h",
			"fileEncoding": "4",
			"isa": "PBXFileReference",
			"name": "camera.h",
			"path": "../../../addons/ofxAssimpModelLoader/libs/assimp/include/assimp/camera.h",
			"sourceTree": "SOURCE_ROOT"
		},
		"3B5062D0-297E-49E7-9F6A-8AF9CB55B420": {
			"explicitFileType": "sourcecode.c.h",
			"fileEncoding": "4",
			"isa": "PBXFileReference",
			"name": "Exceptional.h",
			"path": "../../../addons/ofxAssimpModelLoader/libs/assimp/include/assimp/Exceptional.h",
			"sourceTree": "SOURCE_ROOT"
		},
		"3E2639A6-3EAC-4079-8050-113C35D26C7E": {
			"fileRef": "F3BDDF27-A8FA-468D-9FB9-E2D54F8249E0",
			"isa": "PBXBuildFile"
		},
		"3E79538D-10ED-477F-B9FB-79CBB0A4979D": {
			"children": [
				"AB5AACA9-4A85-4198-A76D-0E747BACC000"
			],
			"isa": "PBXGroup",
			"name": "port",
			"path": "../../../addons/ofxAssimpModelLoader/libs/assimp/include/assimp/port",
			"sourceTree": "SOURCE_ROOT"
		},
		"3EE84196-1E3D-4840-A956-EE6EE4F53674": {
			"fileRef": "A1BA3A67-BAB5-42BB-A459-675EFC6F885A",
			"isa": "PBXBuildFile"
		},
		"40150C91-1C56-4EED-A38B-B986EA2C1644": {
			"explicitFileType": "sourcecode.c.h",
			"fileEncoding": "4",
			"isa": "PBXFileReference",
			"name": "BaseImporter.h",
			"path": "../../../addons/ofxAssimpModelLoader/libs/assimp/include/assimp/BaseImporter.h",
			"sourceTree": "SOURCE_ROOT"
		},
		"40388660-C34A-4A5E-9B7A-6BC9AC443DAF": {
			"explicitFileType": "sourcecode.c.h",
			"fileEncoding": "4",
			"isa": "PBXFileReference",
			"name": "ofxAssimpAnimation.h",
			"path": "../../../addons/ofxAssimpModelLoader/src/ofxAssimpAnimation.h",
			"sourceTree": "SOURCE_ROOT"
		},
		"42512A6F-E107-44C0-A1C1-B6207E20CA11": {
			"explicitFileType": "sourcecode.c.h",
			"fileEncoding": "4",
			"isa": "PBXFileReference",
			"name": "SkeletonMeshBuilder.h",
			"path": "../../../addons/ofxAssimpModelLoader/libs/assimp/include/assimp/SkeletonMeshBuilder.h",
			"sourceTree": "SOURCE_ROOT"
		},
		"43801EB8-9413-4044-9D0B-7E19F851A6E5": {
			"explicitFileType": "sourcecode.c.h",
			"fileEncoding": "4",
			"isa": "PBXFileReference",
			"name": "DefaultLogger.hpp",
			"path": "../../../addons/ofxAssimpModelLoader/libs/assimp/include/assimp/DefaultLogger.hpp",
			"sourceTree": "SOURCE_ROOT"
		},
		"43A5F540-74FE-482C-8A3B-79BA47B49435": {
			"children": [
				"A82D30CE-E4F0-46CA-A487-D3A1B52A80C8"
			],
			"isa": "PBXGroup",
			"name": "assimp",
			"path": "../../../addons/ofxAssimpModelLoader/libs/assimp",
			"sourceTree": "SOURCE_ROOT"
		},
		"489BBF8B-9710-41D0-8DB2-A6F9AFE5A28B": {
			"explicitFileType": "sourcecode.c.h",
			"fileEncoding": "4",
			"isa": "PBXFileReference",
			"name": "StringComparison.h",
			"path": "../../../addons/ofxAssimpModelLoader/libs/assimp/include/assimp/StringComparison.h",
			"sourceTree": "SOURCE_ROOT"
		},
		"4D2AD613-A290-4EBB-8FB1-CE4852D852FA": {
			"explicitFileType": "sourcecode.c.h",
			"fileEncoding": "4",
			"isa": "PBXFileReference",
			"name": "matrix3x3.h",
			"path": "../../../addons/ofxAssimpModelLoader/libs/assimp/include/assimp/matrix3x3.h",
			"sourceTree": "SOURCE_ROOT"
		},
		"4D617143-3B6F-4808-8FF0-96C78155634F": {
			"explicitFileType": "sourcecode.c.h",
			"fileEncoding": "4",
			"isa": "PBXFileReference",
			"name": "MathFunctions.h",
			"path": "../../../addons/ofxAssimpModelLoader/libs/assimp/include/assimp/MathFunctions.h",
			"sourceTree": "SOURCE_ROOT"
		},
		"51D912D2-B139-4B89-B962-5C2A06C3B9C7": {
			"explicitFileType": "sourcecode.c.h",
			"fileEncoding": "4",
			"isa": "PBXFileReference",
			"name": "SpatialSort.h",
			"path": "../../../addons/ofxAssimpModelLoader/libs/assimp/include/assimp/SpatialSort.h",
			"sourceTree": "SOURCE_ROOT"
		},
		"51EBC626-AC67-432C-A3E3-78148D94436C": {
			"explicitFileType": "sourcecode.c.h",
			"fileEncoding": "4",
			"isa": "PBXFileReference",
			"name": "GltfMaterial.h",
			"path": "../../../addons/ofxAssimpModelLoader/libs/assimp/include/assimp/GltfMaterial.h",
			"sourceTree": "SOURCE_ROOT"
		},
		"52873CA2-79E2-4C77-9729-BA8608929463": {
			"explicitFileType": "sourcecode.c.h",
			"fileEncoding": "4",
			"isa": "PBXFileReference",
			"name": "IOSystem.hpp",
			"path": "../../../addons/ofxAssimpModelLoader/libs/assimp/include/assimp/IOSystem.hpp",
			"sourceTree": "SOURCE_ROOT"
		},
		"56021798-8E74-41BA-AF37-A381023D1F06": {
			"explicitFileType": "sourcecode.c.h",
			"fileEncoding": "4",
			"isa": "PBXFileReference",
			"name": "ofxAssimpModelLoader.h",
			"path": "../../../addons/ofxAssimpModelLoader/src/ofxAssimpModelLoader.h",
			"sourceTree": "SOURCE_ROOT"
		},
		"5633A3F4-7820-436A-AFC7-8E1E12CB51B8": {
			"explicitFileType": "sourcecode.c.h",
			"fileEncoding": "4",
			"isa": "PBXFileReference",
			"name": "config.h",
			"path": "../../../addons/ofxAssimpModelLoader/libs/assimp/include/assimp/config.h",
			"sourceTree": "SOURCE_ROOT"
		},
		"588D0B0C-4FFD-48E2-8A74-E888B963F124": {
			"explicitFileType": "sourcecode.c.h",
			"fileEncoding": "4",
			"isa": "PBXFileReference",
			"name": "AndroidJNIIOSystem.h",
			"path": "../../../addons/ofxAssimpModelLoader/libs/assimp/include/assimp/port/AndroidJNI/AndroidJNIIOSystem.h",
			"sourceTree": "SOURCE_ROOT"
		},
		"58C1BD0A-F2D2-4B6C-B30D-2EB4D57AFD70": {
			"explicitFileType": "sourcecode.c.h",
			"fileEncoding": "4",
			"isa": "PBXFileReference",
			"name": "aabb.h",
			"path": "../../../addons/ofxAssimpModelLoader/libs/assimp/include/assimp/aabb.h",
			"sourceTree": "SOURCE_ROOT"
		},
		"5D409CAE-0A47-46D9-A21A-C6AC9093BFAD": {
			"explicitFileType": "sourcecode.c.h",
			"fileEncoding": "4",
			"isa": "PBXFileReference",
			"name": "CreateAnimMesh.h",
			"path": "../../../addons/ofxAssimpModelLoader/libs/assimp/include/assimp/CreateAnimMesh.h",
			"sourceTree": "SOURCE_ROOT"
		},
		"5D43A475-F924-452F-910B-A0A9DB29576E": {
			"explicitFileType": "sourcecode.c.h",
			"fileEncoding": "4",
			"isa": "PBXFileReference",
			"name": "mesh.h",
			"path": "../../../addons/ofxAssimpModelLoader/libs/assimp/include/assimp/mesh.h",
			"sourceTree": "SOURCE_ROOT"
		},
		"5D5854D9-131C-4C2E-A33C-46E427E169A4": {
			"explicitFileType": "sourcecode.c.h",
			"fileEncoding": "4",
			"isa": "PBXFileReference",
			"name": "cimport.h",
			"path": "../../../addons/ofxAssimpModelLoader/libs/assimp/include/assimp/cimport.h",
			"sourceTree": "SOURCE_ROOT"
		},
		"64C87774-91A7-487B-9E6A-D8766717AB64": {
			"explicitFileType": "sourcecode.c.h",
			"fileEncoding": "4",
			"isa": "PBXFileReference",
			"name": "pushpack1.h",
			"path": "../../../addons/ofxAssimpModelLoader/libs/assimp/include/assimp/Compiler/pushpack1.h",
			"sourceTree": "SOURCE_ROOT"
		},
		"65A84429-7B4A-4AD8-919C-0FD6EAE13474": {
			"explicitFileType": "sourcecode.c.h",
			"fileEncoding": "4",
			"isa": "PBXFileReference",
			"name": "ZipArchiveIOSystem.h",
			"path": "../../../addons/ofxAssimpModelLoader/libs/assimp/include/assimp/ZipArchiveIOSystem.h",
			"sourceTree": "SOURCE_ROOT"
		},
		"66C86A79-2F79-45C1-8A88-AB14756EE498": {
			"explicitFileType": "sourcecode.c.h",
			"fileEncoding": "4",
			"isa": "PBXFileReference",
			"name": "ofxAssimpTexture.h",
			"path": "../../../addons/ofxAssimpModelLoader/src/ofxAssimpTexture.h",
			"sourceTree": "SOURCE_ROOT"
		},
		"6A1DE75B-F615-471F-9B80-481C1140D473": {
			"explicitFileType": "sourcecode.c.h",
			"fileEncoding": "4",
			"isa": "PBXFileReference",
			"name": "GenericProperty.h",
			"path": "../../../addons/ofxAssimpModelLoader/libs/assimp/include/assimp/GenericProperty.h",
			"sourceTree": "SOURCE_ROOT"
		},
		"6FD64106-017D-4535-BEFC-21DAF4F8ACFF": {
			"explicitFileType": "sourcecode.c.h",
			"fileEncoding": "4",
			"isa": "PBXFileReference",
			"name": "metadata.h",
			"path": "../../../addons/ofxAssimpModelLoader/libs/assimp/include/assimp/metadata.h",
			"sourceTree": "SOURCE_ROOT"
		},
		"6FE42CA2-732E-4732-BF0A-FF853ACBD695": {
			"explicitFileType": "sourcecode.c.h",
			"fileEncoding": "4",
			"isa": "PBXFileReference",
			"name": "Bitmap.h",
			"path": "../../../addons/ofxAssimpModelLoader/libs/assimp/include/assimp/Bitmap.h",
			"sourceTree": "SOURCE_ROOT"
		},
		"7B2289FA-99E3-4B66-8871-2CA3BDA08AE0": {
			"explicitFileType": "sourcecode.c.h",
			"fileEncoding": "4",
			"isa": "PBXFileReference",
			"name": "pstdint.h",
			"path": "../../../addons/ofxAssimpModelLoader/libs/assimp/include/assimp/Compiler/pstdint.h",
			"sourceTree": "SOURCE_ROOT"
		},
		"7D8E4740-8F6F-448C-B368-5FFF686A8C74": {
			"explicitFileType": "sourcecode.c.h",
			"fileEncoding": "4",
			"isa": "PBXFileReference",
			"name": "BundledAssetIOSystem.h",
			"path": "../../../addons/ofxAssimpModelLoader/libs/assimp/include/assimp/port/AndroidJNI/BundledAssetIOSystem.h",
			"sourceTree": "SOURCE_ROOT"
		},
		"7DCDE9D6-5256-4D53-955B-34A996564E23": {
			"explicitFileType": "sourcecode.c.h",
			"fileEncoding": "4",
			"isa": "PBXFileReference",
			"name": "ParsingUtils.h",
			"path": "../../../addons/ofxAssimpModelLoader/libs/assimp/include/assimp/ParsingUtils.h",
			"sourceTree": "SOURCE_ROOT"
		},
		"81CD5D07-D32E-47F9-BC5F-093E044A59B0": {
			"explicitFileType": "sourcecode.c.h",
			"fileEncoding": "4",
			"isa": "PBXFileReference",
			"name": "IOStreamBuffer.h",
			"path": "../../../addons/ofxAssimpModelLoader/libs/assimp/include/assimp/IOStreamBuffer.h",
			"sourceTree": "SOURCE_ROOT"
		},
		"8783DBD2-5DEA-4F5E-B60C-C4DD77E2770E": {
			"explicitFileType": "sourcecode.c.h",
			"fileEncoding": "4",
			"isa": "PBXFileReference",
			"name": "quaternion.h",
			"path": "../../../addons/ofxAssimpModelLoader/libs/assimp/include/assimp/quaternion.h",
			"sourceTree": "SOURCE_ROOT"
		},
		"89872EC2-FF44-4DFD-9DCB-BF73C2E2921F": {
			"explicitFileType": "sourcecode.c.h",
			"fileEncoding": "4",
			"isa": "PBXFileReference",
			"name": "StringUtils.h",
			"path": "../../../addons/ofxAssimpModelLoader/libs/assimp/include/assimp/StringUtils.h",
			"sourceTree": "SOURCE_ROOT"
		},
		"8AE0AB5E-2F2C-4CFE-905C-130D88D5674C": {
			"explicitFileType": "sourcecode.c.h",
			"fileEncoding": "4",
			"isa": "PBXFileReference",
			"name": "Profiler.h",
			"path": "../../../addons/ofxAssimpModelLoader/libs/assimp/include/assimp/Profiler.h",
			"sourceTree": "SOURCE_ROOT"
		},
		"8D0C5B6A-07C4-497B-8D2F-833DC0D82BFC": {
			"explicitFileType": "sourcecode.c.h",
			"fileEncoding": "4",
			"isa": "PBXFileReference",
			"name": "NullLogger.hpp",
			"path": "../../../addons/ofxAssimpModelLoader/libs/assimp/include/assimp/NullLogger.hpp",
			"sourceTree": "SOURCE_ROOT"
		},
		"8F231831-74F6-4FEC-890B-32E378DCBF02": {
			"explicitFileType": "sourcecode.c.h",
			"fileEncoding": "4",
			"isa": "PBXFileReference",
			"name": "SmoothingGroups.h",
			"path": "../../../addons/ofxAssimpModelLoader/libs/assimp/include/assimp/SmoothingGroups.h",
			"sourceTree": "SOURCE_ROOT"
		},
		"93941B90-753A-4F0A-9533-91E7C6F82E35": {
			"explicitFileType": "sourcecode.c.h",
			"fileEncoding": "4",
			"isa": "PBXFileReference",
			"name": "vector2.h",
			"path": "../../../addons/ofxAssimpModelLoader/libs/assimp/include/assimp/vector2.h",
			"sourceTree": "SOURCE_ROOT"
		},
		"9833D3AA-C0DB-4135-94B7-FBA3B599EC5D": {
			"explicitFileType": "sourcecode.c.h",
			"fileEncoding": "4",
			"isa": "PBXFileReference",
			"name": "Hash.h",
			"path": "../../../addons/ofxAssimpModelLoader/libs/assimp/include/assimp/Hash.h",
			"sourceTree": "SOURCE_ROOT"
		},
		"99BA0EA1-8805-4E7F-89CB-5C987827384B": {
			"explicitFileType": "sourcecode.c.h",
			"fileEncoding": "4",
			"isa": "PBXFileReference",
			"name": "SceneCombiner.h",
			"path": "../../../addons/ofxAssimpModelLoader/libs/assimp/include/assimp/SceneCombiner.h",
			"sourceTree": "SOURCE_ROOT"
		},
		"9C0A543E-FA66-4766-96B0-4015EF7A5558": {
			"explicitFileType": "sourcecode.cpp.cpp",
			"fileEncoding": "4",
			"isa": "PBXFileReference",
			"name": "ofxAssimpMeshHelper.cpp",
			"path": "../../../addons/ofxAssimpModelLoader/src/ofxAssimpMeshHelper.cpp",
			"sourceTree": "SOURCE_ROOT"
		},
		"9F932F18-A73A-414D-87D6-C4A66B5E04F9": {
			"explicitFileType": "sourcecode.c.h",
			"fileEncoding": "4",
			"isa": "PBXFileReference",
			"name": "scene.h",
			"path": "../../../addons/ofxAssimpModelLoader/libs/assimp/include/assimp/scene.h",
			"sourceTree": "SOURCE_ROOT"
		},
		"A112831E-CF25-4F29-A9EA-0FB21B02D88A": {
			"explicitFileType": "sourcecode.c.h",
			"fileEncoding": "4",
			"isa": "PBXFileReference",
			"name": "ofxAssimpUtils.h",
			"path": "../../../addons/ofxAssimpModelLoader/src/ofxAssimpUtils.h",
			"sourceTree": "SOURCE_ROOT"
		},
		"A1BA3A67-BAB5-42BB-A459-675EFC6F885A": {
			"explicitFileType": "sourcecode.cpp.cpp",
			"fileEncoding": "4",
			"isa": "PBXFileReference",
			"name": "ofxAssimpAnimation.cpp",
			"path": "../../../addons/ofxAssimpModelLoader/src/ofxAssimpAnimation.cpp",
			"sourceTree": "SOURCE_ROOT"
		},
		"A2A00FE7-FACD-4D53-A848-2031C3F4829A": {
			"explicitFileType": "sourcecode.c.h",
			"fileEncoding": "4",
			"isa": "PBXFileReference",
			"name": "LogAux.h",
			"path": "../../../addons/ofxAssimpModelLoader/libs/assimp/include/assimp/LogAux.h",
			"sourceTree": "SOURCE_ROOT"
		},
		"A2BB18AA-8251-4B35-AE04-4F0B6A90E25C": {
			"explicitFileType": "sourcecode.c.h",
			"fileEncoding": "4",
			"isa": "PBXFileReference",
			"name": "importerdesc.h",
			"path": "../../../addons/ofxAssimpModelLoader/libs/assimp/include/assimp/importerdesc.h",
			"sourceTree": "SOURCE_ROOT"
		},
		"A547A823-FC7A-43B7-BD94-7E4781E11BAC": {
			"explicitFileType": "sourcecode.c.h",
			"fileEncoding": "4",
			"isa": "PBXFileReference",
			"name": "XMLTools.h",
			"path": "../../../addons/ofxAssimpModelLoader/libs/assimp/include/assimp/XMLTools.h",
			"sourceTree": "SOURCE_ROOT"
		},
		"A6F46960-E572-45B5-94B7-5FC73CBA78CE": {
			"fileRef": "9C0A543E-FA66-4766-96B0-4015EF7A5558",
			"isa": "PBXBuildFile"
		},
		"A82D30CE-E4F0-46CA-A487-D3A1B52A80C8": {
			"children": [
				"22B22509-FE6E-4FC7-BF31-A3CFA44E06A1"
			],
			"isa": "PBXGroup",
			"name": "include",
			"path": "../../../addons/ofxAssimpModelLoader/libs/assimp/include",
			"sourceTree": "SOURCE_ROOT"
		},
		"AA8340F4-0821-42F3-8BF1-E302FEC1A833": {
			"explicitFileType": "sourcecode.c.h",
			"fileEncoding": "4",
			"isa": "PBXFileReference",
			"name": "DefaultIOSystem.h",
			"path": "../../../addons/ofxAssimpModelLoader/libs/assimp/include/assimp/DefaultIOSystem.h",
			"sourceTree": "SOURCE_ROOT"
		},
		"AB5AACA9-4A85-4198-A76D-0E747BACC000": {
			"children": [
				"588D0B0C-4FFD-48E2-8A74-E888B963F124",
				"7D8E4740-8F6F-448C-B368-5FFF686A8C74"
			],
			"isa": "PBXGroup",
			"name": "AndroidJNI",
			"path": "../../../addons/ofxAssimpModelLoader/libs/assimp/include/assimp/port/AndroidJNI",
			"sourceTree": "SOURCE_ROOT"
		},
		"AC3727F2-6DBD-4F5A-9C3B-9907B14B9C1B": {
			"explicitFileType": "sourcecode.c.h",
			"fileEncoding": "4",
			"isa": "PBXFileReference",
			"name": "ByteSwapper.h",
			"path": "../../../addons/ofxAssimpModelLoader/libs/assimp/include/assimp/ByteSwapper.h",
			"sourceTree": "SOURCE_ROOT"
		},
		"B34B0C12-8A13-4C41-9268-45AF0BB105F0": {
			"explicitFileType": "sourcecode.c.h",
			"fileEncoding": "4",
			"isa": "PBXFileReference",
			"name": "Exporter.hpp",
			"path": "../../../addons/ofxAssimpModelLoader/libs/assimp/include/assimp/Exporter.hpp",
			"sourceTree": "SOURCE_ROOT"
		},
		"B3701E11-F685-461D-9962-240A37244252": {
			"explicitFileType": "sourcecode.c.h",
			"fileEncoding": "4",
			"isa": "PBXFileReference",
			"name": "poppack1.h",
			"path": "../../../addons/ofxAssimpModelLoader/libs/assimp/include/assimp/Compiler/poppack1.h",
			"sourceTree": "SOURCE_ROOT"
		},
		"B81C7DD6-DD68-4B70-BBD6-23D78DBD5CFD": {
			"explicitFileType": "sourcecode.c.h",
			"fileEncoding": "4",
			"isa": "PBXFileReference",
			"name": "ColladaMetaData.h",
			"path": "../../../addons/ofxAssimpModelLoader/libs/assimp/include/assimp/ColladaMetaData.h",
			"sourceTree": "SOURCE_ROOT"
		},
		"BB4B014C10F69532006C3DED": {
			"children": [
				"1BB971B9-99F8-4101-8162-96DCC7C002D1"
			],
			"isa": "PBXGroup",
			"name": "addons",
			"path": "../../../addons",
			"sourceTree": "<group>"
		},
		"C0B30892-E702-427C-A6FE-23281D0A8A06": {
			"children": [
				"A1BA3A67-BAB5-42BB-A459-675EFC6F885A",
				"40388660-C34A-4A5E-9B7A-6BC9AC443DAF",
				"9C0A543E-FA66-4766-96B0-4015EF7A5558",
				"070DFB77-C8FD-4F16-942E-9F192860E1FE",
				"2277372C-9F88-49E9-9757-28677941ED07",
				"56021798-8E74-41BA-AF37-A381023D1F06",
				"F3BDDF27-A8FA-468D-9FB9-E2D54F8249E0",
				"66C86A79-2F79-45C1-8A88-AB14756EE498",
				"A112831E-CF25-4F29-A9EA-0FB21B02D88A"
			],
			"isa": "PBXGroup",
			"name": "src",
			"path": "../../../addons/ofxAssimpModelLoader/src",
			"sourceTree": "SOURCE_ROOT"
		},
		"C4FECDD3-61CE-4B9F-9270-339A2704F8E7": {
			"explicitFileType": "sourcecode.c.h",
			"fileEncoding": "4",
			"isa": "PBXFileReference",
			"name": "cexport.h",
			"path": "../../../addons/ofxAssimpModelLoader/libs/assimp/include/assimp/cexport.h",
			"sourceTree": "SOURCE_ROOT"
		},
		"C68E0B12-750C-4536-93AE-CB5D657BB5C2": {
			"explicitFileType": "sourcecode.c.h",
			"fileEncoding": "4",
			"isa": "PBXFileReference",
			"name": "light.h",
			"path": "../../../addons/ofxAssimpModelLoader/libs/assimp/include/assimp/light.h",
			"sourceTree": "SOURCE_ROOT"
		},
		"C9A67232-754A-4E75-87BA-8ECDD608CD80": {
			"explicitFileType": "sourcecode.c.h",
			"fileEncoding": "4",
			"isa": "PBXFileReference",
			"name": "texture.h",
			"path": "../../../addons/ofxAssimpModelLoader/libs/assimp/include/assimp/texture.h",
			"sourceTree": "SOURCE_ROOT"
		},
		"CBE06C9E-6D40-4C15-9289-CDC19E8DA453": {
			"explicitFileType": "sourcecode.c.h",
			"fileEncoding": "4",
			"isa": "PBXFileReference",
			"name": "BlobIOSystem.h",
			"path": "../../../addons/ofxAssimpModelLoader/libs/assimp/include/assimp/BlobIOSystem.h",
			"sourceTree": "SOURCE_ROOT"
		},
		"D343BA07-1518-4F0E-BC9A-F9FB3B145D54": {
			"explicitFileType": "sourcecode.c.h",
			"fileEncoding": "4",
			"isa": "PBXFileReference",
			"name": "cfileio.h",
			"path": "../../../addons/ofxAssimpModelLoader/libs/assimp/include/assimp/cfileio.h",
			"sourceTree": "SOURCE_ROOT"
		},
		"D34E52CE-0069-40A5-BC00-FD35C1BE3738": {
			"explicitFileType": "sourcecode.c.h",
			"fileEncoding": "4",
			"isa": "PBXFileReference",
			"name": "IOStream.hpp",
			"path": "../../../addons/ofxAssimpModelLoader/libs/assimp/include/assimp/IOStream.hpp",
			"sourceTree": "SOURCE_ROOT"
		},
		"D3CDC19A-79AE-437F-9CB9-0BA685D77A00": {
			"explicitFileType": "sourcecode.c.h",
			"fileEncoding": "4",
			"isa": "PBXFileReference",
			"name": "LineSplitter.h",
			"path": "../../../addons/ofxAssimpModelLoader/libs/assimp/include/assimp/LineSplitter.h",
			"sourceTree": "SOURCE_ROOT"
		},
		"D69AA173-99E5-4FE7-91A2-D1BDB1E6AA12": {
			"explicitFileType": "sourcecode.c.h",
			"fileEncoding": "4",
			"isa": "PBXFileReference",
			"name": "MemoryIOWrapper.h",
			"path": "../../../addons/ofxAssimpModelLoader/libs/assimp/include/assimp/MemoryIOWrapper.h",
			"sourceTree": "SOURCE_ROOT"
		},
		"D84E006C-957E-4F31-9562-B917C4A8D3B8": {
			"explicitFileType": "sourcecode.c.h",
			"fileEncoding": "4",
			"isa": "PBXFileReference",
			"name": "Subdivision.h",
			"path": "../../../addons/ofxAssimpModelLoader/libs/assimp/include/assimp/Subdivision.h",
			"sourceTree": "SOURCE_ROOT"
		},
		"DB7DA20C-9E68-4586-A549-E550DA86A954": {
			"explicitFileType": "sourcecode.c.h",
			"fileEncoding": "4",
			"isa": "PBXFileReference",
			"name": "RemoveComments.h",
			"path": "../../../addons/ofxAssimpModelLoader/libs/assimp/include/assimp/RemoveComments.h",
			"sourceTree": "SOURCE_ROOT"
		},
		"DE9F5B7F-A926-42FC-81A5-75A51810074C": {
			"explicitFileType": "sourcecode.c.h",
			"fileEncoding": "4",
			"isa": "PBXFileReference",
			"name": "ProgressHandler.hpp",
			"path": "../../../addons/ofxAssimpModelLoader/libs/assimp/include/assimp/ProgressHandler.hpp",
			"sourceTree": "SOURCE_ROOT"
		},
		"DF8970AD-1467-4734-B4C5-35DB68A201BB": {
			"explicitFileType": "sourcecode.c.h",
			"fileEncoding": "4",
			"isa": "PBXFileReference",
			"name": "anim.h",
			"path": "../../../addons/ofxAssimpModelLoader/libs/assimp/include/assimp/anim.h",
			"sourceTree": "SOURCE_ROOT"
		},
		"E0990730-F7A5-49E2-B8E3-082B784B5E41": {
			"explicitFileType": "sourcecode.c.h",
			"fileEncoding": "4",
			"isa": "PBXFileReference",
			"name": "DefaultIOStream.h",
			"path": "../../../addons/ofxAssimpModelLoader/libs/assimp/include/assimp/DefaultIOStream.h",
			"sourceTree": "SOURCE_ROOT"
		},
		"E27CD5D9-509A-465A-B22E-F0396C23B24D": {
			"explicitFileType": "sourcecode.c.h",
			"fileEncoding": "4",
			"isa": "PBXFileReference",
			"name": "types.h",
			"path": "../../../addons/ofxAssimpModelLoader/libs/assimp/include/assimp/types.h",
			"sourceTree": "SOURCE_ROOT"
		},
		"E42962A92163ECCD00A6A9E2": {
			"alwaysOutOfDate": "1",
			"buildActionMask": "2147483647",
			"files": [],
			"inputPaths": [],
			"isa": "PBXShellScriptBuildPhase",
			"name": "Run Script — Compile OF",
			"outputPaths": [],
			"runOnlyForDeploymentPostprocessing": "0",
			"shellPath": "/bin/sh",
			"shellScript": "echo \"💾 Compiling Openframeworks\"\nxcodebuild -project \"$OF_PATH/libs/openFrameworksCompiled/project/osx/openFrameworksLib.xcodeproj\" -target openFrameworks -configuration \"${CONFIGURATION}\"  CLANG_CXX_LANGUAGE_STANDARD=$CLANG_CXX_LANGUAGE_STANDARD MACOSX_DEPLOYMENT_TARGET=$MACOSX_DEPLOYMENT_TARGET GCC_PREPROCESSOR_DEFINITIONS=$USER_PREPROCESSOR_DEFINITIONS\n",
			"showEnvVarsInLog": "0"
		},
		"E4A5B60F29BAAAE400C2D356": {
			"buildActionMask": "2147483647",
			"dstPath": "",
			"dstSubfolderSpec": "6",
			"files": [],
			"isa": "PBXCopyFilesBuildPhase",
			"runOnlyForDeploymentPostprocessing": "0"
		},
		"E4B69B4A0A3A1720003C02F2": {
			"children": [
				"191CD6FA2847E21E0085CBB6",
				"E4B6FCAD0C3E899E008CF71C",
				"E4EB6923138AFD0F00A09F29",
				"E4B69E1C0A3A1BDC003C02F2",
				"191EF70929D778A400F35F26",
				"BB4B014C10F69532006C3DED",
				"E4B69B5B0A3A1756003C02F2"
			],
			"isa": "PBXGroup",
			"sourceTree": "<group>"
		},
		"E4B69B4C0A3A1720003C02F2": {
			"attributes": {
				"LastUpgradeCheck": "0600"
			},
			"buildConfigurationList": "E4B69B4D0A3A1720003C02F2",
			"compatibilityVersion": "Xcode 3.2",
			"developmentRegion": "en",
			"hasScannedForEncodings": "0",
			"isa": "PBXProject",
			"knownRegions": [
				"en",
				"Base"
			],
			"mainGroup": "E4B69B4A0A3A1720003C02F2",
			"productRefGroup": "E4B69B4A0A3A1720003C02F2",
			"projectDirPath": "",
			"projectRoot": "",
			"targets": [
				"E4B69B5A0A3A1756003C02F2"
			]
		},
		"E4B69B4D0A3A1720003C02F2": {
			"buildConfigurations": [
				"E4B69B4E0A3A1720003C02F2",
				"E4B69B4F0A3A1720003C02F2"
			],
			"defaultConfigurationIsVisible": "0",
			"defaultConfigurationName": "Release",
			"isa": "XCConfigurationList"
		},
		"E4B69B4E0A3A1720003C02F2": {
			"baseConfigurationReference": "E4EB6923138AFD0F00A09F29",
			"buildSettings": {
				"CODE_SIGN_ENTITLEMENTS": "of.entitlements",
				"COPY_PHASE_STRIP": "NO",
				"ENABLE_TESTABILITY": "YES",
				"GCC_OPTIMIZATION_LEVEL": "0",
				"GCC_WARN_UNUSED_VARIABLE": "NO",
				"HEADER_SEARCH_PATHS": [
					"$(OF_CORE_HEADERS)",
					"src"
				],
				"OTHER_CPLUSPLUSFLAGS": "-D__MACOSX_CORE__"
			},
			"isa": "XCBuildConfiguration",
			"name": "Debug"
		},
		"E4B69B4F0A3A1720003C02F2": {
			"baseConfigurationReference": "E4EB6923138AFD0F00A09F29",
			"buildSettings": {
				"CODE_SIGN_ENTITLEMENTS": "of.entitlements",
				"COPY_PHASE_STRIP": "YES",
				"GCC_OPTIMIZATION_LEVEL": "3",
				"GCC_UNROLL_LOOPS": "YES",
				"HEADER_SEARCH_PATHS": [
					"$(OF_CORE_HEADERS)",
					"src"
				],
				"OTHER_CPLUSPLUSFLAGS": "-D__MACOSX_CORE__"
			},
			"isa": "XCBuildConfiguration",
			"name": "Release"
		},
		"E4B69B580A3A1756003C02F2": {
			"buildActionMask": "2147483647",
			"files": [
				"E4B69E200A3A1BDC003C02F2",
				"E4B69E210A3A1BDC003C02F2",
				"3EE84196-1E3D-4840-A956-EE6EE4F53674",
				"A6F46960-E572-45B5-94B7-5FC73CBA78CE",
				"0AC2A9D8-AD5C-4ACF-9689-34789B124CD6",
				"3E2639A6-3EAC-4079-8050-113C35D26C7E"
			],
			"isa": "PBXSourcesBuildPhase",
			"runOnlyForDeploymentPostprocessing": "0"
		},
		"E4B69B590A3A1756003C02F2": {
			"buildActionMask": "2147483647",
			"files": [],
			"isa": "PBXFrameworksBuildPhase",
			"runOnlyForDeploymentPostprocessing": "0"
		},
		"E4B69B5A0A3A1756003C02F2": {
			"buildConfigurationList": "E4B69B5F0A3A1757003C02F2",
			"buildPhases": [
				"E42962A92163ECCD00A6A9E2",
				"E4B69B580A3A1756003C02F2",
				"E4B69B590A3A1756003C02F2",
				"E4C2427710CC5ABF004149E2",
				"E4A5B60F29BAAAE400C2D356",
				"19B789C429E5AB4A0082E9B8"
			],
			"buildRules": [],
			"dependencies": [],
			"isa": "PBXNativeTarget",
			"name": "modelNoiseExample",
			"productName": "myOFApp",
			"productReference": "E4B69B5B0A3A1756003C02F2",
			"productType": "com.apple.product-type.application"
		},
		"E4B69B5B0A3A1756003C02F2": {
			"explicitFileType": "wrapper.application",
			"includeInIndex": "0",
			"isa": "PBXFileReference",
			"path": "modelNoiseExampleDebug.app",
			"sourceTree": "BUILT_PRODUCTS_DIR"
		},
		"E4B69B5F0A3A1757003C02F2": {
			"buildConfigurations": [
				"E4B69B600A3A1757003C02F2",
				"E4B69B610A3A1757003C02F2"
			],
			"defaultConfigurationIsVisible": "0",
			"defaultConfigurationName": "Release",
			"isa": "XCConfigurationList"
		},
		"E4B69B600A3A1757003C02F2": {
			"baseConfigurationReference": "E4EB6923138AFD0F00A09F29",
			"buildSettings": {
				"ARCHS": "$(ARCHS_STANDARD)",
				"COPY_PHASE_STRIP": "NO",
				"FRAMEWORK_SEARCH_PATHS": "$(inherited)",
				"GCC_DYNAMIC_NO_PIC": "NO",
				"HEADER_SEARCH_PATHS": [
					"$(OF_CORE_HEADERS)",
					"src",
					"src",
					"../../../addons/ofxAssimpModelLoader/libs",
					"../../../addons/ofxAssimpModelLoader/libs/assimp",
					"../../../addons/ofxAssimpModelLoader/libs/assimp/include",
					"../../../addons/ofxAssimpModelLoader/libs/assimp/include/assimp",
					"../../../addons/ofxAssimpModelLoader/libs/assimp/include/assimp/Compiler",
					"../../../addons/ofxAssimpModelLoader/libs/assimp/include/assimp/port",
					"../../../addons/ofxAssimpModelLoader/libs/assimp/include/assimp/port/AndroidJNI",
					"../../../addons/ofxAssimpModelLoader/libs/assimp/lib",
					"../../../addons/ofxAssimpModelLoader/libs/assimp/lib/emscripten",
					"../../../addons/ofxAssimpModelLoader/libs/assimp/lib/osx",
					"../../../addons/ofxAssimpModelLoader/libs/assimp/license",
					"../../../addons/ofxAssimpModelLoader/src"
				],
				"LIBRARY_SEARCH_PATHS": "$(inherited)",
				"OTHER_LDFLAGS": [
					"$(OF_CORE_LIBS)",
					"$(OF_CORE_FRAMEWORKS)",
					"$(LIB_OF_DEBUG)",
					"../../../addons/ofxAssimpModelLoader/libs/assimp/lib/osx/assimp.a"
				]
			},
			"isa": "XCBuildConfiguration",
			"name": "Debug"
		},
		"E4B69B610A3A1757003C02F2": {
			"baseConfigurationReference": "E4EB6923138AFD0F00A09F29",
			"buildSettings": {
				"ARCHS": "$(ARCHS_STANDARD)",
				"COPY_PHASE_STRIP": "YES",
				"FRAMEWORK_SEARCH_PATHS": "$(inherited)",
				"HEADER_SEARCH_PATHS": [
					"$(OF_CORE_HEADERS)",
					"src",
					"src",
					"../../../addons/ofxAssimpModelLoader/libs",
					"../../../addons/ofxAssimpModelLoader/libs/assimp",
					"../../../addons/ofxAssimpModelLoader/libs/assimp/include",
					"../../../addons/ofxAssimpModelLoader/libs/assimp/include/assimp",
					"../../../addons/ofxAssimpModelLoader/libs/assimp/include/assimp/Compiler",
					"../../../addons/ofxAssimpModelLoader/libs/assimp/include/assimp/port",
					"../../../addons/ofxAssimpModelLoader/libs/assimp/include/assimp/port/AndroidJNI",
					"../../../addons/ofxAssimpModelLoader/libs/assimp/lib",
					"../../../addons/ofxAssimpModelLoader/libs/assimp/lib/emscripten",
					"../../../addons/ofxAssimpModelLoader/libs/assimp/lib/osx",
					"../../../addons/ofxAssimpModelLoader/libs/assimp/license",
					"../../../addons/ofxAssimpModelLoader/src"
				],
				"LIBRARY_SEARCH_PATHS": "$(inherited)",
				"OTHER_LDFLAGS": [
					"$(OF_CORE_LIBS)",
					"$(OF_CORE_FRAMEWORKS)",
					"$(LIB_OF)",
					"../../../addons/ofxAssimpModelLoader/libs/assimp/lib/osx/assimp.a"
				],
				"baseConfigurationReference": "E4EB6923138AFD0F00A09F29"
			},
			"isa": "XCBuildConfiguration",
			"name": "Release"
		},
		"E4B69E1C0A3A1BDC003C02F2": {
			"children": [
				"E4B69E1D0A3A1BDC003C02F2",
				"E4B69E1E0A3A1BDC003C02F2",
				"E4B69E1F0A3A1BDC003C02F2"
			],
			"isa": "PBXGroup",
			"path": "src",
			"sourceTree": "SOURCE_ROOT"
		},
		"E4B69E1D0A3A1BDC003C02F2": {
			"fileEncoding": "4",
			"isa": "PBXFileReference",
			"lastKnownFileType": "sourcecode.cpp.cpp",
			"name": "main.cpp",
			"path": "src/main.cpp",
			"sourceTree": "SOURCE_ROOT"
		},
		"E4B69E1E0A3A1BDC003C02F2": {
			"explicitFileType": "sourcecode.cpp.cpp",
			"fileEncoding": "4",
			"isa": "PBXFileReference",
			"name": "ofApp.cpp",
			"path": "src/ofApp.cpp",
			"sourceTree": "SOURCE_ROOT"
		},
		"E4B69E1F0A3A1BDC003C02F2": {
			"fileEncoding": "4",
			"isa": "PBXFileReference",
			"lastKnownFileType": "sourcecode.c.h",
			"name": "ofApp.h",
			"path": "src/ofApp.h",
			"sourceTree": "SOURCE_ROOT"
		},
		"E4B69E200A3A1BDC003C02F2": {
			"fileRef": "E4B69E1D0A3A1BDC003C02F2",
			"isa": "PBXBuildFile"
		},
		"E4B69E210A3A1BDC003C02F2": {
			"fileRef": "E4B69E1E0A3A1BDC003C02F2",
			"isa": "PBXBuildFile"
		},
		"E4B6FCAD0C3E899E008CF71C": {
			"fileEncoding": "4",
			"isa": "PBXFileReference",
			"lastKnownFileType": "text.plist.xml",
			"path": "openFrameworks-Info.plist",
			"sourceTree": "<group>"
		},
		"E4C2427710CC5ABF004149E2": {
			"buildActionMask": "2147483647",
			"dstPath": "",
			"dstSubfolderSpec": "10",
			"files": [],
			"isa": "PBXCopyFilesBuildPhase",
			"runOnlyForDeploymentPostprocessing": "0"
		},
		"E4EB6923138AFD0F00A09F29": {
			"fileEncoding": "4",
			"isa": "PBXFileReference",
			"lastKnownFileType": "text.xcconfig",
			"path": "Project.xcconfig",
			"sourceTree": "<group>"
		},
		"E7B3621D-90BB-4529-97B1-D28829317C54": {
			"explicitFileType": "sourcecode.c.h",
			"fileEncoding": "4",
			"isa": "PBXFileReference",
			"name": "TinyFormatter.h",
			"path": "../../../addons/ofxAssimpModelLoader/libs/assimp/include/assimp/TinyFormatter.h",
			"sourceTree": "SOURCE_ROOT"
		},
		"E81B5A78-F1D7-408E-9B5A-4D3CF0927C2E": {
			"explicitFileType": "sourcecode.c.h",
			"fileEncoding": "4",
			"isa": "PBXFileReference",
			"name": "vector3.h",
			"path": "../../../addons/ofxAssimpModelLoader/libs/assimp/include/assimp/vector3.h",
			"sourceTree": "SOURCE_ROOT"
		},
		"EA0CB574-7C5B-4886-9DDD-28490AD92DDD": {
			"explicitFileType": "sourcecode.c.h",
			"fileEncoding": "4",
			"isa": "PBXFileReference",
			"name": "Vertex.h",
			"path": "../../../addons/ofxAssimpModelLoader/libs/assimp/include/assimp/Vertex.h",
			"sourceTree": "SOURCE_ROOT"
		},
		"EB5ACC8C-9B6C-444D-9E2F-DE06048101C1": {
			"explicitFileType": "sourcecode.c.h",
			"fileEncoding": "4",
			"isa": "PBXFileReference",
			"name": "LogStream.hpp",
			"path": "../../../addons/ofxAssimpModelLoader/libs/assimp/include/assimp/LogStream.hpp",
			"sourceTree": "SOURCE_ROOT"
		},
		"EE0CC641-7691-4EE2-9D52-A8CB445C8D01": {
			"explicitFileType": "sourcecode.c.h",
			"fileEncoding": "4",
			"isa": "PBXFileReference",
			"name": "ObjMaterial.h",
			"path": "../../../addons/ofxAssimpModelLoader/libs/assimp/include/assimp/ObjMaterial.h",
			"sourceTree": "SOURCE_ROOT"
		},
		"EF316869-5C5C-4008-990E-35F42ACB25B8": {
			"explicitFileType": "sourcecode.c.h",
			"fileEncoding": "4",
			"isa": "PBXFileReference",
			"name": "StreamReader.h",
			"path": "../../../addons/ofxAssimpModelLoader/libs/assimp/include/assimp/StreamReader.h",
			"sourceTree": "SOURCE_ROOT"
		},
		"EF96B6A7-A7DE-4630-912D-7FB7C74CEA92": {
			"explicitFileType": "sourcecode.c.h",
			"fileEncoding": "4",
			"isa": "PBXFileReference",
			"name": "color4.h",
			"path": "../../../addons/ofxAssimpModelLoader/libs/assimp/include/assimp/color4.h",
			"sourceTree": "SOURCE_ROOT"
		},
		"F244FA69-F8A0-4984-8C6B-0DABDC9D050F": {
			"explicitFileType": "sourcecode.c.h",
			"fileEncoding": "4",
			"isa": "PBXFileReference",
			"name": "Importer.hpp",
			"path": "../../../addons/ofxAssimpModelLoader/libs/assimp/include/assimp/Importer.hpp",
			"sourceTree": "SOURCE_ROOT"
		},
		"F3BDDF27-A8FA-468D-9FB9-E2D54F8249E0": {
			"explicitFileType": "sourcecode.cpp.cpp",
			"fileEncoding": "4",
			"isa": "PBXFileReference",
			"name": "ofxAssimpTexture.cpp",
			"path": "../../../addons/ofxAssimpModelLoader/src/ofxAssimpTexture.cpp",
			"sourceTree": "SOURCE_ROOT"
		},
		"F6E2E3F3-603A-47D1-AFB7-C6EDD7EA795F": {
			"explicitFileType": "sourcecode.c.h",
			"fileEncoding": "4",
			"isa": "PBXFileReference",
			"name": "StreamWriter.h",
			"path": "../../../addons/ofxAssimpModelLoader/libs/assimp/include/assimp/StreamWriter.h",
			"sourceTree": "SOURCE_ROOT"
		},
		"FC018716-A04C-48B6-8B6C-755CE59DE205": {
			"explicitFileType": "sourcecode.c.h",
			"fileEncoding": "4",
			"isa": "PBXFileReference",
			"name": "commonMetaData.h",
			"path": "../../../addons/ofxAssimpModelLoader/libs/assimp/include/assimp/commonMetaData.h",
			"sourceTree": "SOURCE_ROOT"
		},
		"FE7F0F93-1CAE-4CA4-AD38-B5E5D5C839A6": {
			"explicitFileType": "sourcecode.c.h",
			"fileEncoding": "4",
			"isa": "PBXFileReference",
			"name": "ai_assert.h",
			"path": "../../../addons/ofxAssimpModelLoader/libs/assimp/include/assimp/ai_assert.h",
			"sourceTree": "SOURCE_ROOT"
		}
	},
	"openFrameworksProjectGeneratorVersion": "21",
	"rootObject": "E4B69B4C0A3A1720003C02F2"
}